{
    "_readme": [
        "This file locks the dependencies of your project to a known state",
        "Read more about it at https://getcomposer.org/doc/01-basic-usage.md#installing-dependencies",
        "This file is @generated automatically"
    ],
    "content-hash": "a4da9cd387c96cfdeada6a8b0add9483",
    "packages": [
        {
            "name": "facebook/graph-sdk",
            "version": "5.1.4",
            "source": {
                "type": "git",
                "url": "https://github.com/facebook/php-graph-sdk.git",
                "reference": "38fd7187a6704d3ab14ded2f3a534ac4ee6f3481"
            },
            "dist": {
                "type": "zip",
                "url": "https://api.github.com/repos/facebook/php-graph-sdk/zipball/38fd7187a6704d3ab14ded2f3a534ac4ee6f3481",
                "reference": "38fd7187a6704d3ab14ded2f3a534ac4ee6f3481",
                "shasum": ""
            },
            "require": {
                "ext-mbstring": "*",
                "php": ">=5.4.0"
            },
            "require-dev": {
                "guzzlehttp/guzzle": "~5.0",
                "mockery/mockery": "~0.8",
                "phpunit/phpunit": "~4.0"
            },
            "suggest": {
                "guzzlehttp/guzzle": "Allows for implementation of the Guzzle HTTP client"
            },
            "type": "library",
            "extra": {
                "branch-alias": {
                    "dev-master": "5.x-dev"
                }
            },
            "autoload": {
                "psr-4": {
                    "Facebook\\": "src/Facebook/"
                }
            },
            "notification-url": "https://packagist.org/downloads/",
            "license": [
                "Facebook Platform"
            ],
            "authors": [
                {
                    "name": "Facebook",
                    "homepage": "https://github.com/facebook/facebook-php-sdk-v4/contributors"
                }
            ],
            "description": "Facebook SDK for PHP",
            "homepage": "https://github.com/facebook/facebook-php-sdk-v4",
            "keywords": [
                "facebook",
                "sdk"
            ],
            "support": {
                "issues": "https://github.com/facebook/php-graph-sdk/issues",
                "source": "https://github.com/facebook/php-graph-sdk/tree/5.1.4"
            },
            "abandoned": true,
            "time": "2016-05-13T17:28:30+00:00"
        },
        {
            "name": "jstolpe/instagram-graph-api-php-sdk",
            "version": "v1.0.5",
            "source": {
                "type": "git",
                "url": "https://github.com/jstolpe/instagram-graph-api-php-sdk.git",
                "reference": "1d849992c675f8a7f78a93227e0dbee9bcda6f78"
            },
            "dist": {
                "type": "zip",
                "url": "https://api.github.com/repos/jstolpe/instagram-graph-api-php-sdk/zipball/1d849992c675f8a7f78a93227e0dbee9bcda6f78",
                "reference": "1d849992c675f8a7f78a93227e0dbee9bcda6f78",
                "shasum": ""
            },
            "require": {
                "php": "^5.6|^7.0|^8.0"
            },
            "type": "library",
            "autoload": {
                "psr-4": {
                    "Instagram\\": "src/Instagram/"
                }
            },
            "notification-url": "https://packagist.org/downloads/",
            "license": [
                "MIT"
            ],
            "authors": [
                {
                    "name": "Justin Stolpe",
                    "homepage": "https://github.com/jstolpe/instagram-graph-api-php-sdk"
                }
            ],
            "description": "Instagram Graph API PHP SDK",
            "homepage": "https://github.com/jstolpe/instagram-graph-api-php-sdk",
            "keywords": [
                "api",
                "graph api",
                "instagram",
                "instagram graph api",
                "php",
                "sdk"
            ],
            "support": {
                "issues": "https://github.com/jstolpe/instagram-graph-api-php-sdk/issues",
                "source": "https://github.com/jstolpe/instagram-graph-api-php-sdk/tree/v1.0.5"
            },
            "time": "2022-11-03T13:10:35+00:00"
        }
    ],
    "packages-dev": [],
    "aliases": [],
    "minimum-stability": "stable",
    "stability-flags": [],
    "prefer-stable": false,
    "prefer-lowest": false,
    "platform": [],
    "platform-dev": [],
    "plugin-api-version": "2.3.0"
}
